
Microsoft Visual Studio Solution File, Format Version 12.00
# Visual Studio Version 17
VisualStudioVersion = 17.3.32922.545
MinimumVisualStudioVersion = 10.0.40219.1
Project("{9A19103F-16F7-4668-BE54-9A1E7A4F7556}") = "LibraryStore", "LibraryStore\LibraryStore.csproj", "{1405AB05-0827-4AFF-80CF-88A719A7D663}"
EndProject
Global
	GlobalSection(SolutionConfigurationPlatforms) = preSolution
		Debug|Any CPU = Debug|Any CPU
		Release|Any CPU = Release|Any CPU
	EndGlobalSection
	GlobalSection(ProjectConfigurationPlatforms) = postSolution
		{1405AB05-0827-4AFF-80CF-88A719A7D663}.Debug|Any CPU.ActiveCfg = Debug|Any CPU
		{1405AB05-0827-4AFF-80CF-88A719A7D663}.Debug|Any CPU.Build.0 = Debug|Any CPU
		{1405AB05-0827-4AFF-80CF-88A719A7D663}.Release|Any CPU.ActiveCfg = Release|Any CPU
		{1405AB05-0827-4AFF-80CF-88A719A7D663}.Release|Any CPU.Build.0 = Release|Any CPU
	EndGlobalSection
	GlobalSection(SolutionProperties) = preSolution
		HideSolutionNode = FALSE
	EndGlobalSection
	GlobalSection(ExtensibilityGlobals) = postSolution
		SolutionGuid = {88F8A155-A2CA-4A27-B31C-DD022AD3F161}
	EndGlobalSection
EndGlobal
